// !$*UTF8*$!
{
	archiveVersion = 1;
	classes = {
	};
	objectVersion = 56;
	objects = {

/* Begin PBXBuildFile section */
		828448BF28D9FF1A0001E6CE /* Email.swift in Sources */ = {isa = PBXBuildFile; fileRef = 828448BE28D9FF1A0001E6CE /* Email.swift */; };
		82AD348B28D508F20033E2A0 /* GymTrackerApp.swift in Sources */ = {isa = PBXBuildFile; fileRef = 82AD348A28D508F20033E2A0 /* GymTrackerApp.swift */; };
		82AD348D28D508F20033E2A0 /* ContentView.swift in Sources */ = {isa = PBXBuildFile; fileRef = 82AD348C28D508F20033E2A0 /* ContentView.swift */; };
		82AD348F28D508F30033E2A0 /* Assets.xcassets in Resources */ = {isa = PBXBuildFile; fileRef = 82AD348E28D508F30033E2A0 /* Assets.xcassets */; };
		82AD349228D508F30033E2A0 /* Preview Assets.xcassets in Resources */ = {isa = PBXBuildFile; fileRef = 82AD349128D508F30033E2A0 /* Preview Assets.xcassets */; };
		82AD349C28D508F40033E2A0 /* GymTrackerTests.swift in Sources */ = {isa = PBXBuildFile; fileRef = 82AD349B28D508F40033E2A0 /* GymTrackerTests.swift */; };
		82AD34A628D508F40033E2A0 /* GymTrackerUITests.swift in Sources */ = {isa = PBXBuildFile; fileRef = 82AD34A528D508F40033E2A0 /* GymTrackerUITests.swift */; };
		82AD34A828D508F40033E2A0 /* GymTrackerUITestsLaunchTests.swift in Sources */ = {isa = PBXBuildFile; fileRef = 82AD34A728D508F40033E2A0 /* GymTrackerUITestsLaunchTests.swift */; };
		82AD34B728D509750033E2A0 /* EntrenamientoModel.swift in Sources */ = {isa = PBXBuildFile; fileRef = 82AD34B428D509750033E2A0 /* EntrenamientoModel.swift */; };
		82AD34B828D509750033E2A0 /* EjercicioModel.swift in Sources */ = {isa = PBXBuildFile; fileRef = 82AD34B528D509750033E2A0 /* EjercicioModel.swift */; };
		82AD34B928D509750033E2A0 /* EntrenamientoViewModel.swift in Sources */ = {isa = PBXBuildFile; fileRef = 82AD34B628D509750033E2A0 /* EntrenamientoViewModel.swift */; };
		82AD34BB28D509920033E2A0 /* SeriesModel.swift in Sources */ = {isa = PBXBuildFile; fileRef = 82AD34BA28D509910033E2A0 /* SeriesModel.swift */; };
		82AD34BD28D509BD0033E2A0 /* aniadirEntreno.swift in Sources */ = {isa = PBXBuildFile; fileRef = 82AD34BC28D509BD0033E2A0 /* aniadirEntreno.swift */; };
		82AD34BF28D509C30033E2A0 /* detalle.swift in Sources */ = {isa = PBXBuildFile; fileRef = 82AD34BE28D509C30033E2A0 /* detalle.swift */; };
/* End PBXBuildFile section */

/* Begin PBXContainerItemProxy section */
		82AD349828D508F40033E2A0 /* PBXContainerItemProxy */ = {
			isa = PBXContainerItemProxy;
			containerPortal = 82AD347F28D508F10033E2A0 /* Project object */;
			proxyType = 1;
			remoteGlobalIDString = 82AD348628D508F20033E2A0;
			remoteInfo = GymTracker;
		};
		82AD34A228D508F40033E2A0 /* PBXContainerItemProxy */ = {
			isa = PBXContainerItemProxy;
			containerPortal = 82AD347F28D508F10033E2A0 /* Project object */;
			proxyType = 1;
			remoteGlobalIDString = 82AD348628D508F20033E2A0;
			remoteInfo = GymTracker;
		};
/* End PBXContainerItemProxy section */

/* Begin PBXFileReference section */
		828448BE28D9FF1A0001E6CE /* Email.swift */ = {isa = PBXFileReference; lastKnownFileType = sourcecode.swift; path = Email.swift; sourceTree = "<group>"; };
		82AD348728D508F20033E2A0 /* GymTracker.app */ = {isa = PBXFileReference; explicitFileType = wrapper.application; includeInIndex = 0; path = GymTracker.app; sourceTree = BUILT_PRODUCTS_DIR; };
		82AD348A28D508F20033E2A0 /* GymTrackerApp.swift */ = {isa = PBXFileReference; lastKnownFileType = sourcecode.swift; path = GymTrackerApp.swift; sourceTree = "<group>"; };
		82AD348C28D508F20033E2A0 /* ContentView.swift */ = {isa = PBXFileReference; lastKnownFileType = sourcecode.swift; path = ContentView.swift; sourceTree = "<group>"; };
		82AD348E28D508F30033E2A0 /* Assets.xcassets */ = {isa = PBXFileReference; lastKnownFileType = folder.assetcatalog; path = Assets.xcassets; sourceTree = "<group>"; };
		82AD349128D508F30033E2A0 /* Preview Assets.xcassets */ = {isa = PBXFileReference; lastKnownFileType = folder.assetcatalog; path = "Preview Assets.xcassets"; sourceTree = "<group>"; };
		82AD349728D508F40033E2A0 /* GymTrackerTests.xctest */ = {isa = PBXFileReference; explicitFileType = wrapper.cfbundle; includeInIndex = 0; path = GymTrackerTests.xctest; sourceTree = BUILT_PRODUCTS_DIR; };
		82AD349B28D508F40033E2A0 /* GymTrackerTests.swift */ = {isa = PBXFileReference; lastKnownFileType = sourcecode.swift; path = GymTrackerTests.swift; sourceTree = "<group>"; };
		82AD34A128D508F40033E2A0 /* GymTrackerUITests.xctest */ = {isa = PBXFileReference; explicitFileType = wrapper.cfbundle; includeInIndex = 0; path = GymTrackerUITests.xctest; sourceTree = BUILT_PRODUCTS_DIR; };
		82AD34A528D508F40033E2A0 /* GymTrackerUITests.swift */ = {isa = PBXFileReference; lastKnownFileType = sourcecode.swift; path = GymTrackerUITests.swift; sourceTree = "<group>"; };
		82AD34A728D508F40033E2A0 /* GymTrackerUITestsLaunchTests.swift */ = {isa = PBXFileReference; lastKnownFileType = sourcecode.swift; path = GymTrackerUITestsLaunchTests.swift; sourceTree = "<group>"; };
		82AD34B428D509750033E2A0 /* EntrenamientoModel.swift */ = {isa = PBXFileReference; fileEncoding = 4; lastKnownFileType = sourcecode.swift; path = EntrenamientoModel.swift; sourceTree = "<group>"; };
		82AD34B528D509750033E2A0 /* EjercicioModel.swift */ = {isa = PBXFileReference; fileEncoding = 4; lastKnownFileType = sourcecode.swift; path = EjercicioModel.swift; sourceTree = "<group>"; };
		82AD34B628D509750033E2A0 /* EntrenamientoViewModel.swift */ = {isa = PBXFileReference; fileEncoding = 4; lastKnownFileType = sourcecode.swift; path = EntrenamientoViewModel.swift; sourceTree = "<group>"; };
		82AD34BA28D509910033E2A0 /* SeriesModel.swift */ = {isa = PBXFileReference; fileEncoding = 4; lastKnownFileType = sourcecode.swift; path = SeriesModel.swift; sourceTree = "<group>"; };
		82AD34BC28D509BD0033E2A0 /* aniadirEntreno.swift */ = {isa = PBXFileReference; fileEncoding = 4; lastKnownFileType = sourcecode.swift; path = aniadirEntreno.swift; sourceTree = "<group>"; };
		82AD34BE28D509C30033E2A0 /* detalle.swift */ = {isa = PBXFileReference; fileEncoding = 4; lastKnownFileType = sourcecode.swift; path = detalle.swift; sourceTree = "<group>"; };
/* End PBXFileReference section */

/* Begin PBXFrameworksBuildPhase section */
		82AD348428D508F20033E2A0 /* Frameworks */ = {
			isa = PBXFrameworksBuildPhase;
			buildActionMask = 2147483647;
			files = (
			);
			runOnlyForDeploymentPostprocessing = 0;
		};
		82AD349428D508F40033E2A0 /* Frameworks */ = {
			isa = PBXFrameworksBuildPhase;
			buildActionMask = 2147483647;
			files = (
			);
			runOnlyForDeploymentPostprocessing = 0;
		};
		82AD349E28D508F40033E2A0 /* Frameworks */ = {
			isa = PBXFrameworksBuildPhase;
			buildActionMask = 2147483647;
			files = (
			);
			runOnlyForDeploymentPostprocessing = 0;
		};
/* End PBXFrameworksBuildPhase section */

/* Begin PBXGroup section */
		82AD347E28D508F10033E2A0 = {
			isa = PBXGroup;
			children = (
				82AD348928D508F20033E2A0 /* GymTracker */,
				82AD349A28D508F40033E2A0 /* GymTrackerTests */,
				82AD34A428D508F40033E2A0 /* GymTrackerUITests */,
				82AD348828D508F20033E2A0 /* Products */,
			);
			sourceTree = "<group>";
		};
		82AD348828D508F20033E2A0 /* Products */ = {
			isa = PBXGroup;
			children = (
				82AD348728D508F20033E2A0 /* GymTracker.app */,
				82AD349728D508F40033E2A0 /* GymTrackerTests.xctest */,
				82AD34A128D508F40033E2A0 /* GymTrackerUITests.xctest */,
			);
			name = Products;
			sourceTree = "<group>";
		};
		82AD348928D508F20033E2A0 /* GymTracker */ = {
			isa = PBXGroup;
			children = (
				828448BE28D9FF1A0001E6CE /* Email.swift */,
				82AD348A28D508F20033E2A0 /* GymTrackerApp.swift */,
				82AD348C28D508F20033E2A0 /* ContentView.swift */,
				82AD34BE28D509C30033E2A0 /* detalle.swift */,
				82AD34BC28D509BD0033E2A0 /* aniadirEntreno.swift */,
				82AD34B528D509750033E2A0 /* EjercicioModel.swift */,
				82AD34B428D509750033E2A0 /* EntrenamientoModel.swift */,
				82AD34B628D509750033E2A0 /* EntrenamientoViewModel.swift */,
				82AD34BA28D509910033E2A0 /* SeriesModel.swift */,
				82AD348E28D508F30033E2A0 /* Assets.xcassets */,
				82AD349028D508F30033E2A0 /* Preview Content */,
			);
			path = GymTracker;
			sourceTree = "<group>";
		};
		82AD349028D508F30033E2A0 /* Preview Content */ = {
			isa = PBXGroup;
			children = (
				82AD349128D508F30033E2A0 /* Preview Assets.xcassets */,
			);
			path = "Preview Content";
			sourceTree = "<group>";
		};
		82AD349A28D508F40033E2A0 /* GymTrackerTests */ = {
			isa = PBXGroup;
			children = (
				82AD349B28D508F40033E2A0 /* GymTrackerTests.swift */,
			);
			path = GymTrackerTests;
			sourceTree = "<group>";
		};
		82AD34A428D508F40033E2A0 /* GymTrackerUITests */ = {
			isa = PBXGroup;
			children = (
				82AD34A528D508F40033E2A0 /* GymTrackerUITests.swift */,
				82AD34A728D508F40033E2A0 /* GymTrackerUITestsLaunchTests.swift */,
			);
			path = GymTrackerUITests;
			sourceTree = "<group>";
		};
/* End PBXGroup section */

/* Begin PBXNativeTarget section */
		82AD348628D508F20033E2A0 /* GymTracker */ = {
			isa = PBXNativeTarget;
			buildConfigurationList = 82AD34AB28D508F40033E2A0 /* Build configuration list for PBXNativeTarget "GymTracker" */;
			buildPhases = (
				82AD348328D508F20033E2A0 /* Sources */,
				82AD348428D508F20033E2A0 /* Frameworks */,
				82AD348528D508F20033E2A0 /* Resources */,
			);
			buildRules = (
			);
			dependencies = (
			);
			name = GymTracker;
			productName = GymTracker;
			productReference = 82AD348728D508F20033E2A0 /* GymTracker.app */;
			productType = "com.apple.product-type.application";
		};
		82AD349628D508F40033E2A0 /* GymTrackerTests */ = {
			isa = PBXNativeTarget;
			buildConfigurationList = 82AD34AE28D508F40033E2A0 /* Build configuration list for PBXNativeTarget "GymTrackerTests" */;
			buildPhases = (
				82AD349328D508F40033E2A0 /* Sources */,
				82AD349428D508F40033E2A0 /* Frameworks */,
				82AD349528D508F40033E2A0 /* Resources */,
			);
			buildRules = (
			);
			dependencies = (
				82AD349928D508F40033E2A0 /* PBXTargetDependency */,
			);
			name = GymTrackerTests;
			productName = GymTrackerTests;
			productReference = 82AD349728D508F40033E2A0 /* GymTrackerTests.xctest */;
			productType = "com.apple.product-type.bundle.unit-test";
		};
		82AD34A028D508F40033E2A0 /* GymTrackerUITests */ = {
			isa = PBXNativeTarget;
			buildConfigurationList = 82AD34B128D508F40033E2A0 /* Build configuration list for PBXNativeTarget "GymTrackerUITests" */;
			buildPhases = (
				82AD349D28D508F40033E2A0 /* Sources */,
				82AD349E28D508F40033E2A0 /* Frameworks */,
				82AD349F28D508F40033E2A0 /* Resources */,
			);
			buildRules = (
			);
			dependencies = (
				82AD34A328D508F40033E2A0 /* PBXTargetDependency */,
			);
			name = GymTrackerUITests;
			productName = GymTrackerUITests;
			productReference = 82AD34A128D508F40033E2A0 /* GymTrackerUITests.xctest */;
			productType = "com.apple.product-type.bundle.ui-testing";
		};
/* End PBXNativeTarget section */

/* Begin PBXProject section */
		82AD347F28D508F10033E2A0 /* Project object */ = {
			isa = PBXProject;
			attributes = {
				BuildIndependentTargetsInParallel = 1;
				LastSwiftUpdateCheck = 1400;
				LastUpgradeCheck = 1400;
				TargetAttributes = {
					82AD348628D508F20033E2A0 = {
						CreatedOnToolsVersion = 14.0;
					};
					82AD349628D508F40033E2A0 = {
						CreatedOnToolsVersion = 14.0;
						TestTargetID = 82AD348628D508F20033E2A0;
					};
					82AD34A028D508F40033E2A0 = {
						CreatedOnToolsVersion = 14.0;
						TestTargetID = 82AD348628D508F20033E2A0;
					};
				};
			};
			buildConfigurationList = 82AD348228D508F10033E2A0 /* Build configuration list for PBXProject "GymTracker" */;
			compatibilityVersion = "Xcode 14.0";
			developmentRegion = en;
			hasScannedForEncodings = 0;
			knownRegions = (
				en,
				Base,
			);
			mainGroup = 82AD347E28D508F10033E2A0;
			productRefGroup = 82AD348828D508F20033E2A0 /* Products */;
			projectDirPath = "";
			projectRoot = "";
			targets = (
				82AD348628D508F20033E2A0 /* GymTracker */,
				82AD349628D508F40033E2A0 /* GymTrackerTests */,
				82AD34A028D508F40033E2A0 /* GymTrackerUITests */,
			);
		};
/* End PBXProject section */

/* Begin PBXResourcesBuildPhase section */
		82AD348528D508F20033E2A0 /* Resources */ = {
			isa = PBXResourcesBuildPhase;
			buildActionMask = 2147483647;
			files = (
				82AD349228D508F30033E2A0 /* Preview Assets.xcassets in Resources */,
				82AD348F28D508F30033E2A0 /* Assets.xcassets in Resources */,
			);
			runOnlyForDeploymentPostprocessing = 0;
		};
		82AD349528D508F40033E2A0 /* Resources */ = {
			isa = PBXResourcesBuildPhase;
			buildActionMask = 2147483647;
			files = (
			);
			runOnlyForDeploymentPostprocessing = 0;
		};
		82AD349F28D508F40033E2A0 /* Resources */ = {
			isa = PBXResourcesBuildPhase;
			buildActionMask = 2147483647;
			files = (
			);
			runOnlyForDeploymentPostprocessing = 0;
		};
/* End PBXResourcesBuildPhase section */

/* Begin PBXSourcesBuildPhase section */
		82AD348328D508F20033E2A0 /* Sources */ = {
			isa = PBXSourcesBuildPhase;
			buildActionMask = 2147483647;
			files = (
				82AD34BB28D509920033E2A0 /* SeriesModel.swift in Sources */,
				82AD34B728D509750033E2A0 /* EntrenamientoModel.swift in Sources */,
				82AD34B828D509750033E2A0 /* EjercicioModel.swift in Sources */,
				82AD34BF28D509C30033E2A0 /* detalle.swift in Sources */,
				82AD348D28D508F20033E2A0 /* ContentView.swift in Sources */,
				828448BF28D9FF1A0001E6CE /* Email.swift in Sources */,
				82AD34BD28D509BD0033E2A0 /* aniadirEntreno.swift in Sources */,
				82AD34B928D509750033E2A0 /* EntrenamientoViewModel.swift in Sources */,
				82AD348B28D508F20033E2A0 /* GymTrackerApp.swift in Sources */,
			);
			runOnlyForDeploymentPostprocessing = 0;
		};
		82AD349328D508F40033E2A0 /* Sources */ = {
			isa = PBXSourcesBuildPhase;
			buildActionMask = 2147483647;
			files = (
				82AD349C28D508F40033E2A0 /* GymTrackerTests.swift in Sources */,
			);
			runOnlyForDeploymentPostprocessing = 0;
		};
		82AD349D28D508F40033E2A0 /* Sources */ = {
			isa = PBXSourcesBuildPhase;
			buildActionMask = 2147483647;
			files = (
				82AD34A628D508F40033E2A0 /* GymTrackerUITests.swift in Sources */,
				82AD34A828D508F40033E2A0 /* GymTrackerUITestsLaunchTests.swift in Sources */,
			);
			runOnlyForDeploymentPostprocessing = 0;
		};
/* End PBXSourcesBuildPhase section */

/* Begin PBXTargetDependency section */
		82AD349928D508F40033E2A0 /* PBXTargetDependency */ = {
			isa = PBXTargetDependency;
			target = 82AD348628D508F20033E2A0 /* GymTracker */;
			targetProxy = 82AD349828D508F40033E2A0 /* PBXContainerItemProxy */;
		};
		82AD34A328D508F40033E2A0 /* PBXTargetDependency */ = {
			isa = PBXTargetDependency;
			target = 82AD348628D508F20033E2A0 /* GymTracker */;
			targetProxy = 82AD34A228D508F40033E2A0 /* PBXContainerItemProxy */;
		};
/* End PBXTargetDependency section */

/* Begin XCBuildConfiguration section */
		82AD34A928D508F40033E2A0 /* Debug */ = {
			isa = XCBuildConfiguration;
			buildSettings = {
				ALWAYS_SEARCH_USER_PATHS = NO;
				CLANG_ANALYZER_NONNULL = YES;
				CLANG_ANALYZER_NUMBER_OBJECT_CONVERSION = YES_AGGRESSIVE;
				CLANG_CXX_LANGUAGE_STANDARD = "gnu++20";
				CLANG_ENABLE_MODULES = YES;
				CLANG_ENABLE_OBJC_ARC = YES;
				CLANG_ENABLE_OBJC_WEAK = YES;
				CLANG_WARN_BLOCK_CAPTURE_AUTORELEASING = YES;
				CLANG_WARN_BOOL_CONVERSION = YES;
				CLANG_WARN_COMMA = YES;
				CLANG_WARN_CONSTANT_CONVERSION = YES;
				CLANG_WARN_DEPRECATED_OBJC_IMPLEMENTATIONS = YES;
				CLANG_WARN_DIRECT_OBJC_ISA_USAGE = YES_ERROR;
				CLANG_WARN_DOCUMENTATION_COMMENTS = YES;
				CLANG_WARN_EMPTY_BODY = YES;
				CLANG_WARN_ENUM_CONVERSION = YES;
				CLANG_WARN_INFINITE_RECURSION = YES;
				CLANG_WARN_INT_CONVERSION = YES;
				CLANG_WARN_NON_LITERAL_NULL_CONVERSION = YES;
				CLANG_WARN_OBJC_IMPLICIT_RETAIN_SELF = YES;
				CLANG_WARN_OBJC_LITERAL_CONVERSION = YES;
				CLANG_WARN_OBJC_ROOT_CLASS = YES_ERROR;
				CLANG_WARN_QUOTED_INCLUDE_IN_FRAMEWORK_HEADER = YES;
				CLANG_WARN_RANGE_LOOP_ANALYSIS = YES;
				CLANG_WARN_STRICT_PROTOTYPES = YES;
				CLANG_WARN_SUSPICIOUS_MOVE = YES;
				CLANG_WARN_UNGUARDED_AVAILABILITY = YES_AGGRESSIVE;
				CLANG_WARN_UNREACHABLE_CODE = YES;
				CLANG_WARN__DUPLICATE_METHOD_MATCH = YES;
				COPY_PHASE_STRIP = NO;
				DEBUG_INFORMATION_FORMAT = dwarf;
				ENABLE_STRICT_OBJC_MSGSEND = YES;
				ENABLE_TESTABILITY = YES;
				GCC_C_LANGUAGE_STANDARD = gnu11;
				GCC_DYNAMIC_NO_PIC = NO;
				GCC_NO_COMMON_BLOCKS = YES;
				GCC_OPTIMIZATION_LEVEL = 0;
				GCC_PREPROCESSOR_DEFINITIONS = (
					"DEBUG=1",
					"$(inherited)",
				);
				GCC_WARN_64_TO_32_BIT_CONVERSION = YES;
				GCC_WARN_ABOUT_RETURN_TYPE = YES_ERROR;
				GCC_WARN_UNDECLARED_SELECTOR = YES;
				GCC_WARN_UNINITIALIZED_AUTOS = YES_AGGRESSIVE;
				GCC_WARN_UNUSED_FUNCTION = YES;
				GCC_WARN_UNUSED_VARIABLE = YES;
				IPHONEOS_DEPLOYMENT_TARGET = 16.0;
				MTL_ENABLE_DEBUG_INFO = INCLUDE_SOURCE;
				MTL_FAST_MATH = YES;
				ONLY_ACTIVE_ARCH = YES;
				SDKROOT = iphoneos;
				SWIFT_ACTIVE_COMPILATION_CONDITIONS = DEBUG;
				SWIFT_OPTIMIZATION_LEVEL = "-Onone";
			};
			name = Debug;
		};
		82AD34AA28D508F40033E2A0 /* Release */ = {
			isa = XCBuildConfiguration;
			buildSettings = {
				ALWAYS_SEARCH_USER_PATHS = NO;
				CLANG_ANALYZER_NONNULL = YES;
				CLANG_ANALYZER_NUMBER_OBJECT_CONVERSION = YES_AGGRESSIVE;
				CLANG_CXX_LANGUAGE_STANDARD = "gnu++20";
				CLANG_ENABLE_MODULES = YES;
				CLANG_ENABLE_OBJC_ARC = YES;
				CLANG_ENABLE_OBJC_WEAK = YES;
				CLANG_WARN_BLOCK_CAPTURE_AUTORELEASING = YES;
				CLANG_WARN_BOOL_CONVERSION = YES;
				CLANG_WARN_COMMA = YES;
				CLANG_WARN_CONSTANT_CONVERSION = YES;
				CLANG_WARN_DEPRECATED_OBJC_IMPLEMENTATIONS = YES;
				CLANG_WARN_DIRECT_OBJC_ISA_USAGE = YES_ERROR;
				CLANG_WARN_DOCUMENTATION_COMMENTS = YES;
				CLANG_WARN_EMPTY_BODY = YES;
				CLANG_WARN_ENUM_CONVERSION = YES;
				CLANG_WARN_INFINITE_RECURSION = YES;
				CLANG_WARN_INT_CONVERSION = YES;
				CLANG_WARN_NON_LITERAL_NULL_CONVERSION = YES;
				CLANG_WARN_OBJC_IMPLICIT_RETAIN_SELF = YES;
				CLANG_WARN_OBJC_LITERAL_CONVERSION = YES;
				CLANG_WARN_OBJC_ROOT_CLASS = YES_ERROR;
				CLANG_WARN_QUOTED_INCLUDE_IN_FRAMEWORK_HEADER = YES;
				CLANG_WARN_RANGE_LOOP_ANALYSIS = YES;
				CLANG_WARN_STRICT_PROTOTYPES = YES;
				CLANG_WARN_SUSPICIOUS_MOVE = YES;
				CLANG_WARN_UNGUARDED_AVAILABILITY = YES_AGGRESSIVE;
				CLANG_WARN_UNREACHABLE_CODE = YES;
				CLANG_WARN__DUPLICATE_METHOD_MATCH = YES;
				COPY_PHASE_STRIP = NO;
				DEBUG_INFORMATION_FORMAT = "dwarf-with-dsym";
				ENABLE_NS_ASSERTIONS = NO;
				ENABLE_STRICT_OBJC_MSGSEND = YES;
				GCC_C_LANGUAGE_STANDARD = gnu11;
				GCC_NO_COMMON_BLOCKS = YES;
				GCC_WARN_64_TO_32_BIT_CONVERSION = YES;
				GCC_WARN_ABOUT_RETURN_TYPE = YES_ERROR;
				GCC_WARN_UNDECLARED_SELECTOR = YES;
				GCC_WARN_UNINITIALIZED_AUTOS = YES_AGGRESSIVE;
				GCC_WARN_UNUSED_FUNCTION = YES;
				GCC_WARN_UNUSED_VARIABLE = YES;
				IPHONEOS_DEPLOYMENT_TARGET = 16.0;
				MTL_ENABLE_DEBUG_INFO = NO;
				MTL_FAST_MATH = YES;
				SDKROOT = iphoneos;
				SWIFT_COMPILATION_MODE = wholemodule;
				SWIFT_OPTIMIZATION_LEVEL = "-O";
				VALIDATE_PRODUCT = YES;
			};
			name = Release;
		};
		82AD34AC28D508F40033E2A0 /* Debug */ = {
			isa = XCBuildConfiguration;
			buildSettings = {
				ASSETCATALOG_COMPILER_APPICON_NAME = AppIcon;
				ASSETCATALOG_COMPILER_GLOBAL_ACCENT_COLOR_NAME = AccentColor;
				CODE_SIGN_STYLE = Automatic;
				CURRENT_PROJECT_VERSION = 1;
				DEVELOPMENT_ASSET_PATHS = "\"GymTracker/Preview Content\"";
				DEVELOPMENT_TEAM = W7Q8X5NW3F;
				ENABLE_PREVIEWS = YES;
				GENERATE_INFOPLIST_FILE = YES;
				INFOPLIST_KEY_UIApplicationSceneManifest_Generation = YES;
				INFOPLIST_KEY_UIApplicationSupportsIndirectInputEvents = YES;
				INFOPLIST_KEY_UILaunchScreen_Generation = YES;
				INFOPLIST_KEY_UISupportedInterfaceOrientations_iPad = "UIInterfaceOrientationPortrait UIInterfaceOrientationPortraitUpsideDown UIInterfaceOrientationLandscapeLeft UIInterfaceOrientationLandscapeRight";
				INFOPLIST_KEY_UISupportedInterfaceOrientations_iPhone = "UIInterfaceOrientationPortrait UIInterfaceOrientationLandscapeLeft UIInterfaceOrientationLandscapeRight";
				LD_RUNPATH_SEARCH_PATHS = (
					"$(inherited)",
					"@executable_path/Frameworks",
				);
				MARKETING_VERSION = 1.0;
				PRODUCT_BUNDLE_IDENTIFIER = JosePan.GymTracker;
				PRODUCT_NAME = "$(TARGET_NAME)";
				SWIFT_EMIT_LOC_STRINGS = YES;
				SWIFT_VERSION = 5.0;
				TARGETED_DEVICE_FAMILY = "1,2";
			};
			name = Debug;
		};
		82AD34AD28D508F40033E2A0 /* Release */ = {
			isa = XCBuildConfiguration;
			buildSettings = {
				ASSETCATALOG_COMPILER_APPICON_NAME = AppIcon;
				ASSETCATALOG_COMPILER_GLOBAL_ACCENT_COLOR_NAME = AccentColor;
				CODE_SIGN_STYLE = Automatic;
				CURRENT_PROJECT_VERSION = 1;
				DEVELOPMENT_ASSET_PATHS = "\"GymTracker/Preview Content\"";
				DEVELOPMENT_TEAM = W7Q8X5NW3F;
				ENABLE_PREVIEWS = YES;
				GENERATE_INFOPLIST_FILE = YES;
				INFOPLIST_KEY_UIApplicationSceneManifest_Generation = YES;
				INFOPLIST_KEY_UIApplicationSupportsIndirectInputEvents = YES;
				INFOPLIST_KEY_UILaunchScreen_Generation = YES;
				INFOPLIST_KEY_UISupportedInterfaceOrientations_iPad = "UIInterfaceOrientationPortrait UIInterfaceOrientationPortraitUpsideDown UIInterfaceOrientationLandscapeLeft UIInterfaceOrientationLandscapeRight";
				INFOPLIST_KEY_UISupportedInterfaceOrientations_iPhone = "UIInterfaceOrientationPortrait UIInterfaceOrientationLandscapeLeft UIInterfaceOrientationLandscapeRight";
				LD_RUNPATH_SEARCH_PATHS = (
					"$(inherited)",
					"@executable_path/Frameworks",
				);
				MARKETING_VERSION = 1.0;
				PRODUCT_BUNDLE_IDENTIFIER = JosePan.GymTracker;
				PRODUCT_NAME = "$(TARGET_NAME)";
				SWIFT_EMIT_LOC_STRINGS = YES;
				SWIFT_VERSION = 5.0;
				TARGETED_DEVICE_FAMILY = "1,2";
			};
			name = Release;
		};
		82AD34AF28D508F40033E2A0 /* Debug */ = {
			isa = XCBuildConfiguration;
			buildSettings = {
				ALWAYS_EMBED_SWIFT_STANDARD_LIBRARIES = YES;
				BUNDLE_LOADER = "$(TEST_HOST)";
				CODE_SIGN_STYLE = Automatic;
				CURRENT_PROJECT_VERSION = 1;
				GENERATE_INFOPLIST_FILE = YES;
				IPHONEOS_DEPLOYMENT_TARGET = 16.0;
				MARKETING_VERSION = 1.0;
				PRODUCT_BUNDLE_IDENTIFIER = JosePan.GymTrackerTests;
				PRODUCT_NAME = "$(TARGET_NAME)";
				SWIFT_EMIT_LOC_STRINGS = NO;
				SWIFT_VERSION = 5.0;
				TARGETED_DEVICE_FAMILY = "1,2";
				TEST_HOST = "$(BUILT_PRODUCTS_DIR)/GymTracker.app/$(BUNDLE_EXECUTABLE_FOLDER_PATH)/GymTracker";
			};
			name = Debug;
		};
		82AD34B028D508F40033E2A0 /* Release */ = {
			isa = XCBuildConfiguration;
			buildSettings = {
				ALWAYS_EMBED_SWIFT_STANDARD_LIBRARIES = YES;
				BUNDLE_LOADER = "$(TEST_HOST)";
				CODE_SIGN_STYLE = Automatic;
				CURRENT_PROJECT_VERSION = 1;
				GENERATE_INFOPLIST_FILE = YES;
				IPHONEOS_DEPLOYMENT_TARGET = 16.0;
				MARKETING_VERSION = 1.0;
				PRODUCT_BUNDLE_IDENTIFIER = JosePan.GymTrackerTests;
				PRODUCT_NAME = "$(TARGET_NAME)";
				SWIFT_EMIT_LOC_STRINGS = NO;
				SWIFT_VERSION = 5.0;
				TARGETED_DEVICE_FAMILY = "1,2";
				TEST_HOST = "$(BUILT_PRODUCTS_DIR)/GymTracker.app/$(BUNDLE_EXECUTABLE_FOLDER_PATH)/GymTracker";
			};
			name = Release;
		};
		82AD34B228D508F40033E2A0 /* Debug */ = {
			isa = XCBuildConfiguration;
			buildSettings = {
				ALWAYS_EMBED_SWIFT_STANDARD_LIBRARIES = YES;
				CODE_SIGN_STYLE = Automatic;
				CURRENT_PROJECT_VERSION = 1;
				GENERATE_INFOPLIST_FILE = YES;
				MARKETING_VERSION = 1.0;
				PRODUCT_BUNDLE_IDENTIFIER = JosePan.GymTrackerUITests;
				PRODUCT_NAME = "$(TARGET_NAME)";
				SWIFT_EMIT_LOC_STRINGS = NO;
				SWIFT_VERSION = 5.0;
				TARGETED_DEVICE_FAMILY = "1,2";
				TEST_TARGET_NAME = GymTracker;
			};
			name = Debug;
		};
		82AD34B328D508F40033E2A0 /* Release */ = {
			isa = XCBuildConfiguration;
			buildSettings = {
				ALWAYS_EMBED_SWIFT_STANDARD_LIBRARIES = YES;
				CODE_SIGN_STYLE = Automatic;
				CURRENT_PROJECT_VERSION = 1;
				GENERATE_INFOPLIST_FILE = YES;
				MARKETING_VERSION = 1.0;
				PRODUCT_BUNDLE_IDENTIFIER = JosePan.GymTrackerUITests;
				PRODUCT_NAME = "$(TARGET_NAME)";
				SWIFT_EMIT_LOC_STRINGS = NO;
				SWIFT_VERSION = 5.0;
				TARGETED_DEVICE_FAMILY = "1,2";
				TEST_TARGET_NAME = GymTracker;
			};
			name = Release;
		};
/* End XCBuildConfiguration section */

/* Begin XCConfigurationList section */
		82AD348228D508F10033E2A0 /* Build configuration list for PBXProject "GymTracker" */ = {
			isa = XCConfigurationList;
			buildConfigurations = (
				82AD34A928D508F40033E2A0 /* Debug */,
				82AD34AA28D508F40033E2A0 /* Release */,
			);
			defaultConfigurationIsVisible = 0;
			defaultConfigurationName = Release;
		};
		82AD34AB28D508F40033E2A0 /* Build configuration list for PBXNativeTarget "GymTracker" */ = {
			isa = XCConfigurationList;
			buildConfigurations = (
				82AD34AC28D508F40033E2A0 /* Debug */,
				82AD34AD28D508F40033E2A0 /* Release */,
			);
			defaultConfigurationIsVisible = 0;
			defaultConfigurationName = Release;
		};
		82AD34AE28D508F40033E2A0 /* Build configuration list for PBXNativeTarget "GymTrackerTests" */ = {
			isa = XCConfigurationList;
			buildConfigurations = (
				82AD34AF28D508F40033E2A0 /* Debug */,
				82AD34B028D508F40033E2A0 /* Release */,
			);
			defaultConfigurationIsVisible = 0;
			defaultConfigurationName = Release;
		};
		82AD34B128D508F40033E2A0 /* Build configuration list for PBXNativeTarget "GymTrackerUITests" */ = {
			isa = XCConfigurationList;
			buildConfigurations = (
				82AD34B228D508F40033E2A0 /* Debug */,
				82AD34B328D508F40033E2A0 /* Release */,
			);
			defaultConfigurationIsVisible = 0;
			defaultConfigurationName = Release;
		};
/* End XCConfigurationList section */
	};
	rootObject = 82AD347F28D508F10033E2A0 /* Project object */;
}
